
Microsoft Visual Studio Solution File, Format Version 12.00
# Visual Studio Version 16
VisualStudioVersion = 16.0.31112.23
MinimumVisualStudioVersion = 10.0.40219.1
Project("{9A19103F-16F7-4668-BE54-9A1E7A4F7556}") = "root-api", "root-api\root-api.csproj", "{2DF9890E-C0BE-4E30-8396-86DA01A4E7A7}"
EndProject
Global
	GlobalSection(SolutionConfigurationPlatforms) = preSolution
		Debug|Any CPU = Debug|Any CPU
		Release|Any CPU = Release|Any CPU
	EndGlobalSection
	GlobalSection(ProjectConfigurationPlatforms) = postSolution
		{2DF9890E-C0BE-4E30-8396-86DA01A4E7A7}.Debug|Any CPU.ActiveCfg = Debug|Any CPU
		{2DF9890E-C0BE-4E30-8396-86DA01A4E7A7}.Debug|Any CPU.Build.0 = Debug|Any CPU
		{2DF9890E-C0BE-4E30-8396-86DA01A4E7A7}.Release|Any CPU.ActiveCfg = Release|Any CPU
		{2DF9890E-C0BE-4E30-8396-86DA01A4E7A7}.Release|Any CPU.Build.0 = Release|Any CPU
	EndGlobalSection
	GlobalSection(SolutionProperties) = preSolution
		HideSolutionNode = FALSE
	EndGlobalSection
	GlobalSection(ExtensibilityGlobals) = postSolution
		SolutionGuid = {A1C4CD1B-7244-4B45-BF16-9090F6137012}
	EndGlobalSection
EndGlobal
